// !$*UTF8*$!
{
	archiveVersion = 1;
	classes = {
	};
	objectVersion = 46;
	objects = {

/* Begin PBXBuildFile section */
		9A4965F91BD5D30800002BAF /* main.m in Sources */ = {isa = PBXBuildFile; fileRef = 9A4965F81BD5D30800002BAF /* main.m */; };
		9A4965FC1BD5D30800002BAF /* AppDelegate.m in Sources */ = {isa = PBXBuildFile; fileRef = 9A4965FB1BD5D30800002BAF /* AppDelegate.m */; };
		9A4965FF1BD5D30900002BAF /* ViewController.m in Sources */ = {isa = PBXBuildFile; fileRef = 9A4965FE1BD5D30900002BAF /* ViewController.m */; };
		9A4966021BD5D30900002BAF /* Main.storyboard in Resources */ = {isa = PBXBuildFile; fileRef = 9A4966001BD5D30900002BAF /* Main.storyboard */; };
		9A4966041BD5D30900002BAF /* Assets.xcassets in Resources */ = {isa = PBXBuildFile; fileRef = 9A4966031BD5D30900002BAF /* Assets.xcassets */; };
		9A4966071BD5D30900002BAF /* LaunchScreen.storyboard in Resources */ = {isa = PBXBuildFile; fileRef = 9A4966051BD5D30900002BAF /* LaunchScreen.storyboard */; };
		9A4966121BD5D30900002BAF /* _dTouchTests.m in Sources */ = {isa = PBXBuildFile; fileRef = 9A4966111BD5D30900002BAF /* _dTouchTests.m */; };
		9A49661D1BD5D30900002BAF /* _dTouchUITests.m in Sources */ = {isa = PBXBuildFile; fileRef = 9A49661C1BD5D30900002BAF /* _dTouchUITests.m */; };
/* End PBXBuildFile section */

/* Begin PBXContainerItemProxy section */
		9A49660E1BD5D30900002BAF /* PBXContainerItemProxy */ = {
			isa = PBXContainerItemProxy;
			containerPortal = 9A4965EC1BD5D30800002BAF /* Project object */;
			proxyType = 1;
			remoteGlobalIDString = 9A4965F31BD5D30800002BAF;
			remoteInfo = 3dTouch;
		};
		9A4966191BD5D30900002BAF /* PBXContainerItemProxy */ = {
			isa = PBXContainerItemProxy;
			containerPortal = 9A4965EC1BD5D30800002BAF /* Project object */;
			proxyType = 1;
			remoteGlobalIDString = 9A4965F31BD5D30800002BAF;
			remoteInfo = 3dTouch;
		};
/* End PBXContainerItemProxy section */

/* Begin PBXFileReference section */
		9A4965F41BD5D30800002BAF /* 3dTouch.app */ = {isa = PBXFileReference; explicitFileType = wrapper.application; includeInIndex = 0; path = 3dTouch.app; sourceTree = BUILT_PRODUCTS_DIR; };
		9A4965F81BD5D30800002BAF /* main.m */ = {isa = PBXFileReference; lastKnownFileType = sourcecode.c.objc; path = main.m; sourceTree = "<group>"; };
		9A4965FA1BD5D30800002BAF /* AppDelegate.h */ = {isa = PBXFileReference; lastKnownFileType = sourcecode.c.h; path = AppDelegate.h; sourceTree = "<group>"; };
		9A4965FB1BD5D30800002BAF /* AppDelegate.m */ = {isa = PBXFileReference; lastKnownFileType = sourcecode.c.objc; path = AppDelegate.m; sourceTree = "<group>"; };
		9A4965FD1BD5D30800002BAF /* ViewController.h */ = {isa = PBXFileReference; lastKnownFileType = sourcecode.c.h; path = ViewController.h; sourceTree = "<group>"; };
		9A4965FE1BD5D30900002BAF /* ViewController.m */ = {isa = PBXFileReference; lastKnownFileType = sourcecode.c.objc; path = ViewController.m; sourceTree = "<group>"; };
		9A4966011BD5D30900002BAF /* Base */ = {isa = PBXFileReference; lastKnownFileType = file.storyboard; name = Base; path = Base.lproj/Main.storyboard; sourceTree = "<group>"; };
		9A4966031BD5D30900002BAF /* Assets.xcassets */ = {isa = PBXFileReference; lastKnownFileType = folder.assetcatalog; path = Assets.xcassets; sourceTree = "<group>"; };
		9A4966061BD5D30900002BAF /* Base */ = {isa = PBXFileReference; lastKnownFileType = file.storyboard; name = Base; path = Base.lproj/LaunchScreen.storyboard; sourceTree = "<group>"; };
		9A4966081BD5D30900002BAF /* Info.plist */ = {isa = PBXFileReference; lastKnownFileType = text.plist.xml; path = Info.plist; sourceTree = "<group>"; };
		9A49660D1BD5D30900002BAF /* 3dTouchTests.xctest */ = {isa = PBXFileReference; explicitFileType = wrapper.cfbundle; includeInIndex = 0; path = 3dTouchTests.xctest; sourceTree = BUILT_PRODUCTS_DIR; };
		9A4966111BD5D30900002BAF /* _dTouchTests.m */ = {isa = PBXFileReference; lastKnownFileType = sourcecode.c.objc; path = _dTouchTests.m; sourceTree = "<group>"; };
		9A4966131BD5D30900002BAF /* Info.plist */ = {isa = PBXFileReference; lastKnownFileType = text.plist.xml; path = Info.plist; sourceTree = "<group>"; };
		9A4966181BD5D30900002BAF /* 3dTouchUITests.xctest */ = {isa = PBXFileReference; explicitFileType = wrapper.cfbundle; includeInIndex = 0; path = 3dTouchUITests.xctest; sourceTree = BUILT_PRODUCTS_DIR; };
		9A49661C1BD5D30900002BAF /* _dTouchUITests.m */ = {isa = PBXFileReference; lastKnownFileType = sourcecode.c.objc; path = _dTouchUITests.m; sourceTree = "<group>"; };
		9A49661E1BD5D30900002BAF /* Info.plist */ = {isa = PBXFileReference; lastKnownFileType = text.plist.xml; path = Info.plist; sourceTree = "<group>"; };
/* End PBXFileReference section */

/* Begin PBXFrameworksBuildPhase section */
		9A4965F11BD5D30800002BAF /* Frameworks */ = {
			isa = PBXFrameworksBuildPhase;
			buildActionMask = 2147483647;
			files = (
			);
			runOnlyForDeploymentPostprocessing = 0;
		};
		9A49660A1BD5D30900002BAF /* Frameworks */ = {
			isa = PBXFrameworksBuildPhase;
			buildActionMask = 2147483647;
			files = (
			);
			runOnlyForDeploymentPostprocessing = 0;
		};
		9A4966151BD5D30900002BAF /* Frameworks */ = {
			isa = PBXFrameworksBuildPhase;
			buildActionMask = 2147483647;
			files = (
			);
			runOnlyForDeploymentPostprocessing = 0;
		};
/* End PBXFrameworksBuildPhase section */

/* Begin PBXGroup section */
		9A4965EB1BD5D30800002BAF = {
			isa = PBXGroup;
			children = (
				9A4965F61BD5D30800002BAF /* 3dTouch */,
				9A4966101BD5D30900002BAF /* 3dTouchTests */,
				9A49661B1BD5D30900002BAF /* 3dTouchUITests */,
				9A4965F51BD5D30800002BAF /* Products */,
			);
			sourceTree = "<group>";
		};
		9A4965F51BD5D30800002BAF /* Products */ = {
			isa = PBXGroup;
			children = (
				9A4965F41BD5D30800002BAF /* 3dTouch.app */,
				9A49660D1BD5D30900002BAF /* 3dTouchTests.xctest */,
				9A4966181BD5D30900002BAF /* 3dTouchUITests.xctest */,
			);
			name = Products;
			sourceTree = "<group>";
		};
		9A4965F61BD5D30800002BAF /* 3dTouch */ = {
			isa = PBXGroup;
			children = (
				9A4965FA1BD5D30800002BAF /* AppDelegate.h */,
				9A4965FB1BD5D30800002BAF /* AppDelegate.m */,
				9A4965FD1BD5D30800002BAF /* ViewController.h */,
				9A4965FE1BD5D30900002BAF /* ViewController.m */,
				9A4966001BD5D30900002BAF /* Main.storyboard */,
				9A4966031BD5D30900002BAF /* Assets.xcassets */,
				9A4966051BD5D30900002BAF /* LaunchScreen.storyboard */,
				9A4966081BD5D30900002BAF /* Info.plist */,
				9A4965F71BD5D30800002BAF /* Supporting Files */,
			);
			path = 3dTouch;
			sourceTree = "<group>";
		};
		9A4965F71BD5D30800002BAF /* Supporting Files */ = {
			isa = PBXGroup;
			children = (
				9A4965F81BD5D30800002BAF /* main.m */,
			);
			name = "Supporting Files";
			sourceTree = "<group>";
		};
		9A4966101BD5D30900002BAF /* 3dTouchTests */ = {
			isa = PBXGroup;
			children = (
				9A4966111BD5D30900002BAF /* _dTouchTests.m */,
				9A4966131BD5D30900002BAF /* Info.plist */,
			);
			path = 3dTouchTests;
			sourceTree = "<group>";
		};
		9A49661B1BD5D30900002BAF /* 3dTouchUITests */ = {
			isa = PBXGroup;
			children = (
				9A49661C1BD5D30900002BAF /* _dTouchUITests.m */,
				9A49661E1BD5D30900002BAF /* Info.plist */,
			);
			path = 3dTouchUITests;
			sourceTree = "<group>";
		};
/* End PBXGroup section */

/* Begin PBXNativeTarget section */
		9A4965F31BD5D30800002BAF /* 3dTouch */ = {
			isa = PBXNativeTarget;
			buildConfigurationList = 9A4966211BD5D30900002BAF /* Build configuration list for PBXNativeTarget "3dTouch" */;
			buildPhases = (
				9A4965F01BD5D30800002BAF /* Sources */,
				9A4965F11BD5D30800002BAF /* Frameworks */,
				9A4965F21BD5D30800002BAF /* Resources */,
			);
			buildRules = (
			);
			dependencies = (
			);
			name = 3dTouch;
			productName = 3dTouch;
			productReference = 9A4965F41BD5D30800002BAF /* 3dTouch.app */;
			productType = "com.apple.product-type.application";
		};
		9A49660C1BD5D30900002BAF /* 3dTouchTests */ = {
			isa = PBXNativeTarget;
			buildConfigurationList = 9A4966241BD5D30900002BAF /* Build configuration list for PBXNativeTarget "3dTouchTests" */;
			buildPhases = (
				9A4966091BD5D30900002BAF /* Sources */,
				9A49660A1BD5D30900002BAF /* Frameworks */,
				9A49660B1BD5D30900002BAF /* Resources */,
			);
			buildRules = (
			);
			dependencies = (
				9A49660F1BD5D30900002BAF /* PBXTargetDependency */,
			);
			name = 3dTouchTests;
			productName = 3dTouchTests;
			productReference = 9A49660D1BD5D30900002BAF /* 3dTouchTests.xctest */;
			productType = "com.apple.product-type.bundle.unit-test";
		};
		9A4966171BD5D30900002BAF /* 3dTouchUITests */ = {
			isa = PBXNativeTarget;
			buildConfigurationList = 9A4966271BD5D30900002BAF /* Build configuration list for PBXNativeTarget "3dTouchUITests" */;
			buildPhases = (
				9A4966141BD5D30900002BAF /* Sources */,
				9A4966151BD5D30900002BAF /* Frameworks */,
				9A4966161BD5D30900002BAF /* Resources */,
			);
			buildRules = (
			);
			dependencies = (
				9A49661A1BD5D30900002BAF /* PBXTargetDependency */,
			);
			name = 3dTouchUITests;
			productName = 3dTouchUITests;
			productReference = 9A4966181BD5D30900002BAF /* 3dTouchUITests.xctest */;
			productType = "com.apple.product-type.bundle.ui-testing";
		};
/* End PBXNativeTarget section */

/* Begin PBXProject section */
		9A4965EC1BD5D30800002BAF /* Project object */ = {
			isa = PBXProject;
			attributes = {
				LastUpgradeCheck = 0700;
				ORGANIZATIONNAME = youngxiansen;
				TargetAttributes = {
					9A4965F31BD5D30800002BAF = {
						CreatedOnToolsVersion = 7.0.1;
					};
					9A49660C1BD5D30900002BAF = {
						CreatedOnToolsVersion = 7.0.1;
						TestTargetID = 9A4965F31BD5D30800002BAF;
					};
					9A4966171BD5D30900002BAF = {
						CreatedOnToolsVersion = 7.0.1;
						TestTargetID = 9A4965F31BD5D30800002BAF;
					};
				};
			};
			buildConfigurationList = 9A4965EF1BD5D30800002BAF /* Build configuration list for PBXProject "3dTouch" */;
			compatibilityVersion = "Xcode 3.2";
			developmentRegion = English;
			hasScannedForEncodings = 0;
			knownRegions = (
				en,
				Base,
			);
			mainGroup = 9A4965EB1BD5D30800002BAF;
			productRefGroup = 9A4965F51BD5D30800002BAF /* Products */;
			projectDirPath = "";
			projectRoot = "";
			targets = (
				9A4965F31BD5D30800002BAF /* 3dTouch */,
				9A49660C1BD5D30900002BAF /* 3dTouchTests */,
				9A4966171BD5D30900002BAF /* 3dTouchUITests */,
			);
		};
/* End PBXProject section */

/* Begin PBXResourcesBuildPhase section */
		9A4965F21BD5D30800002BAF /* Resources */ = {
			isa = PBXResourcesBuildPhase;
			buildActionMask = 2147483647;
			files = (
				9A4966071BD5D30900002BAF /* LaunchScreen.storyboard in Resources */,
				9A4966041BD5D30900002BAF /* Assets.xcassets in Resources */,
				9A4966021BD5D30900002BAF /* Main.storyboard in Resources */,
			);
			runOnlyForDeploymentPostprocessing = 0;
		};
		9A49660B1BD5D30900002BAF /* Resources */ = {
			isa = PBXResourcesBuildPhase;
			buildActionMask = 2147483647;
			files = (
			);
			runOnlyForDeploymentPostprocessing = 0;
		};
		9A4966161BD5D30900002BAF /* Resources */ = {
			isa = PBXResourcesBuildPhase;
			buildActionMask = 2147483647;
			files = (
			);
			runOnlyForDeploymentPostprocessing = 0;
		};
/* End PBXResourcesBuildPhase section */

/* Begin PBXSourcesBuildPhase section */
		9A4965F01BD5D30800002BAF /* Sources */ = {
			isa = PBXSourcesBuildPhase;
			buildActionMask = 2147483647;
			files = (
				9A4965FF1BD5D30900002BAF /* ViewController.m in Sources */,
				9A4965FC1BD5D30800002BAF /* AppDelegate.m in Sources */,
				9A4965F91BD5D30800002BAF /* main.m in Sources */,
			);
			runOnlyForDeploymentPostprocessing = 0;
		};
		9A4966091BD5D30900002BAF /* Sources */ = {
			isa = PBXSourcesBuildPhase;
			buildActionMask = 2147483647;
			files = (
				9A4966121BD5D30900002BAF /* _dTouchTests.m in Sources */,
			);
			runOnlyForDeploymentPostprocessing = 0;
		};
		9A4966141BD5D30900002BAF /* Sources */ = {
			isa = PBXSourcesBuildPhase;
			buildActionMask = 2147483647;
			files = (
				9A49661D1BD5D30900002BAF /* _dTouchUITests.m in Sources */,
			);
			runOnlyForDeploymentPostprocessing = 0;
		};
/* End PBXSourcesBuildPhase section */

/* Begin PBXTargetDependency section */
		9A49660F1BD5D30900002BAF /* PBXTargetDependency */ = {
			isa = PBXTargetDependency;
			target = 9A4965F31BD5D30800002BAF /* 3dTouch */;
			targetProxy = 9A49660E1BD5D30900002BAF /* PBXContainerItemProxy */;
		};
		9A49661A1BD5D30900002BAF /* PBXTargetDependency */ = {
			isa = PBXTargetDependency;
			target = 9A4965F31BD5D30800002BAF /* 3dTouch */;
			targetProxy = 9A4966191BD5D30900002BAF /* PBXContainerItemProxy */;
		};
/* End PBXTargetDependency section */

/* Begin PBXVariantGroup section */
		9A4966001BD5D30900002BAF /* Main.storyboard */ = {
			isa = PBXVariantGroup;
			children = (
				9A4966011BD5D30900002BAF /* Base */,
			);
			name = Main.storyboard;
			sourceTree = "<group>";
		};
		9A4966051BD5D30900002BAF /* LaunchScreen.storyboard */ = {
			isa = PBXVariantGroup;
			children = (
				9A4966061BD5D30900002BAF /* Base */,
			);
			name = LaunchScreen.storyboard;
			sourceTree = "<group>";
		};
/* End PBXVariantGroup section */

/* Begin XCBuildConfiguration section */
		9A49661F1BD5D30900002BAF /* Debug */ = {
			isa = XCBuildConfiguration;
			buildSettings = {
				ALWAYS_SEARCH_USER_PATHS = NO;
				CLANG_CXX_LANGUAGE_STANDARD = "gnu++0x";
				CLANG_CXX_LIBRARY = "libc++";
				CLANG_ENABLE_MODULES = YES;
				CLANG_ENABLE_OBJC_ARC = YES;
				CLANG_WARN_BOOL_CONVERSION = YES;
				CLANG_WARN_CONSTANT_CONVERSION = YES;
				CLANG_WARN_DIRECT_OBJC_ISA_USAGE = YES_ERROR;
				CLANG_WARN_EMPTY_BODY = YES;
				CLANG_WARN_ENUM_CONVERSION = YES;
				CLANG_WARN_INT_CONVERSION = YES;
				CLANG_WARN_OBJC_ROOT_CLASS = YES_ERROR;
				CLANG_WARN_UNREACHABLE_CODE = YES;
				CLANG_WARN__DUPLICATE_METHOD_MATCH = YES;
				"CODE_SIGN_IDENTITY[sdk=iphoneos*]" = "iPhone Developer";
				COPY_PHASE_STRIP = NO;
				DEBUG_INFORMATION_FORMAT = dwarf;
				ENABLE_STRICT_OBJC_MSGSEND = YES;
				ENABLE_TESTABILITY = YES;
				GCC_C_LANGUAGE_STANDARD = gnu99;
				GCC_DYNAMIC_NO_PIC = NO;
				GCC_NO_COMMON_BLOCKS = YES;
				GCC_OPTIMIZATION_LEVEL = 0;
				GCC_PREPROCESSOR_DEFINITIONS = (
					"DEBUG=1",
					"$(inherited)",
				);
				GCC_WARN_64_TO_32_BIT_CONVERSION = YES;
				GCC_WARN_ABOUT_RETURN_TYPE = YES_ERROR;
				GCC_WARN_UNDECLARED_SELECTOR = YES;
				GCC_WARN_UNINITIALIZED_AUTOS = YES_AGGRESSIVE;
				GCC_WARN_UNUSED_FUNCTION = YES;
				GCC_WARN_UNUSED_VARIABLE = YES;
				IPHONEOS_DEPLOYMENT_TARGET = 9.0;
				MTL_ENABLE_DEBUG_INFO = YES;
				ONLY_ACTIVE_ARCH = YES;
				SDKROOT = iphoneos;
			};
			name = Debug;
		};
		9A4966201BD5D30900002BAF /* Release */ = {
			isa = XCBuildConfiguration;
			buildSettings = {
				ALWAYS_SEARCH_USER_PATHS = NO;
				CLANG_CXX_LANGUAGE_STANDARD = "gnu++0x";
				CLANG_CXX_LIBRARY = "libc++";
				CLANG_ENABLE_MODULES = YES;
				CLANG_ENABLE_OBJC_ARC = YES;
				CLANG_WARN_BOOL_CONVERSION = YES;
				CLANG_WARN_CONSTANT_CONVERSION = YES;
				CLANG_WARN_DIRECT_OBJC_ISA_USAGE = YES_ERROR;
				CLANG_WARN_EMPTY_BODY = YES;
				CLANG_WARN_ENUM_CONVERSION = YES;
				CLANG_WARN_INT_CONVERSION = YES;
				CLANG_WARN_OBJC_ROOT_CLASS = YES_ERROR;
				CLANG_WARN_UNREACHABLE_CODE = YES;
				CLANG_WARN__DUPLICATE_METHOD_MATCH = YES;
				"CODE_SIGN_IDENTITY[sdk=iphoneos*]" = "iPhone Developer";
				COPY_PHASE_STRIP = NO;
				DEBUG_INFORMATION_FORMAT = "dwarf-with-dsym";
				ENABLE_NS_ASSERTIONS = NO;
				ENABLE_STRICT_OBJC_MSGSEND = YES;
				GCC_C_LANGUAGE_STANDARD = gnu99;
				GCC_NO_COMMON_BLOCKS = YES;
				GCC_WARN_64_TO_32_BIT_CONVERSION = YES;
				GCC_WARN_ABOUT_RETURN_TYPE = YES_ERROR;
				GCC_WARN_UNDECLARED_SELECTOR = YES;
				GCC_WARN_UNINITIALIZED_AUTOS = YES_AGGRESSIVE;
				GCC_WARN_UNUSED_FUNCTION = YES;
				GCC_WARN_UNUSED_VARIABLE = YES;
				IPHONEOS_DEPLOYMENT_TARGET = 9.0;
				MTL_ENABLE_DEBUG_INFO = NO;
				SDKROOT = iphoneos;
				VALIDATE_PRODUCT = YES;
			};
			name = Release;
		};
		9A4966221BD5D30900002BAF /* Debug */ = {
			isa = XCBuildConfiguration;
			buildSettings = {
				ASSETCATALOG_COMPILER_APPICON_NAME = AppIcon;
				INFOPLIST_FILE = 3dTouch/Info.plist;
				LD_RUNPATH_SEARCH_PATHS = "$(inherited) @executable_path/Frameworks";
				PRODUCT_BUNDLE_IDENTIFIER = "com.joyskim.-dTouch";
				PRODUCT_NAME = "$(TARGET_NAME)";
			};
			name = Debug;
		};
		9A4966231BD5D30900002BAF /* Release */ = {
			isa = XCBuildConfiguration;
			buildSettings = {
				ASSETCATALOG_COMPILER_APPICON_NAME = AppIcon;
				INFOPLIST_FILE = 3dTouch/Info.plist;
				LD_RUNPATH_SEARCH_PATHS = "$(inherited) @executable_path/Frameworks";
				PRODUCT_BUNDLE_IDENTIFIER = "com.joyskim.-dTouch";
				PRODUCT_NAME = "$(TARGET_NAME)";
			};
			name = Release;
		};
		9A4966251BD5D30900002BAF /* Debug */ = {
			isa = XCBuildConfiguration;
			buildSettings = {
				BUNDLE_LOADER = "$(TEST_HOST)";
				INFOPLIST_FILE = 3dTouchTests/Info.plist;
				LD_RUNPATH_SEARCH_PATHS = "$(inherited) @executable_path/Frameworks @loader_path/Frameworks";
				PRODUCT_BUNDLE_IDENTIFIER = "com.joyskim.-dTouchTests";
				PRODUCT_NAME = "$(TARGET_NAME)";
				TEST_HOST = "$(BUILT_PRODUCTS_DIR)/3dTouch.app/3dTouch";
			};
			name = Debug;
		};
		9A4966261BD5D30900002BAF /* Release */ = {
			isa = XCBuildConfiguration;
			buildSettings = {
				BUNDLE_LOADER = "$(TEST_HOST)";
				INFOPLIST_FILE = 3dTouchTests/Info.plist;
				LD_RUNPATH_SEARCH_PATHS = "$(inherited) @executable_path/Frameworks @loader_path/Frameworks";
				PRODUCT_BUNDLE_IDENTIFIER = "com.joyskim.-dTouchTests";
				PRODUCT_NAME = "$(TARGET_NAME)";
				TEST_HOST = "$(BUILT_PRODUCTS_DIR)/3dTouch.app/3dTouch";
			};
			name = Release;
		};
		9A4966281BD5D30900002BAF /* Debug */ = {
			isa = XCBuildConfiguration;
			buildSettings = {
				INFOPLIST_FILE = 3dTouchUITests/Info.plist;
				LD_RUNPATH_SEARCH_PATHS = "$(inherited) @executable_path/Frameworks @loader_path/Frameworks";
				PRODUCT_BUNDLE_IDENTIFIER = "com.joyskim.-dTouchUITests";
				PRODUCT_NAME = "$(TARGET_NAME)";
				TEST_TARGET_NAME = 3dTouch;
				USES_XCTRUNNER = YES;
			};
			name = Debug;
		};
		9A4966291BD5D30900002BAF /* Release */ = {
			isa = XCBuildConfiguration;
			buildSettings = {
				INFOPLIST_FILE = 3dTouchUITests/Info.plist;
				LD_RUNPATH_SEARCH_PATHS = "$(inherited) @executable_path/Frameworks @loader_path/Frameworks";
				PRODUCT_BUNDLE_IDENTIFIER = "com.joyskim.-dTouchUITests";
				PRODUCT_NAME = "$(TARGET_NAME)";
				TEST_TARGET_NAME = 3dTouch;
				USES_XCTRUNNER = YES;
			};
			name = Release;
		};
/* End XCBuildConfiguration section */

/* Begin XCConfigurationList section */
		9A4965EF1BD5D30800002BAF /* Build configuration list for PBXProject "3dTouch" */ = {
			isa = XCConfigurationList;
			buildConfigurations = (
				9A49661F1BD5D30900002BAF /* Debug */,
				9A4966201BD5D30900002BAF /* Release */,
			);
			defaultConfigurationIsVisible = 0;
			defaultConfigurationName = Release;
		};
		9A4966211BD5D30900002BAF /* Build configuration list for PBXNativeTarget "3dTouch" */ = {
			isa = XCConfigurationList;
			buildConfigurations = (
				9A4966221BD5D30900002BAF /* Debug */,
				9A4966231BD5D30900002BAF /* Release */,
			);
			defaultConfigurationIsVisible = 0;
		};
		9A4966241BD5D30900002BAF /* Build configuration list for PBXNativeTarget "3dTouchTests" */ = {
			isa = XCConfigurationList;
			buildConfigurations = (
				9A4966251BD5D30900002BAF /* Debug */,
				9A4966261BD5D30900002BAF /* Release */,
			);
			defaultConfigurationIsVisible = 0;
		};
		9A4966271BD5D30900002BAF /* Build configuration list for PBXNativeTarget "3dTouchUITests" */ = {
			isa = XCConfigurationList;
			buildConfigurations = (
				9A4966281BD5D30900002BAF /* Debug */,
				9A4966291BD5D30900002BAF /* Release */,
			);
			defaultConfigurationIsVisible = 0;
		};
/* End XCConfigurationList section */
	};
	rootObject = 9A4965EC1BD5D30800002BAF /* Project object */;
}
